
Microsoft Visual Studio Solution File, Format Version 12.00
# Visual Studio Version 17
VisualStudioVersion = 17.11.35312.102
MinimumVisualStudioVersion = 10.0.40219.1
Project("{FAE04EC0-301F-11D3-BF4B-00C04F79EFBC}") = "CsvEditor", "CsvEditor.csproj", "{06709879-B5AF-4BF0-85D3-398B7F6D7E7F}"
EndProject
Global
	GlobalSection(SolutionConfigurationPlatforms) = preSolution
		Debug|Any CPU = Debug|Any CPU
		Release|Any CPU = Release|Any CPU
	EndGlobalSection
	GlobalSection(ProjectConfigurationPlatforms) = postSolution
		{06709879-B5AF-4BF0-85D3-398B7F6D7E7F}.Debug|Any CPU.ActiveCfg = Debug|Any CPU
		{06709879-B5AF-4BF0-85D3-398B7F6D7E7F}.Debug|Any CPU.Build.0 = Debug|Any CPU
		{06709879-B5AF-4BF0-85D3-398B7F6D7E7F}.Release|Any CPU.ActiveCfg = Release|Any CPU
		{06709879-B5AF-4BF0-85D3-398B7F6D7E7F}.Release|Any CPU.Build.0 = Release|Any CPU
	EndGlobalSection
	GlobalSection(SolutionProperties) = preSolution
		HideSolutionNode = FALSE
	EndGlobalSection
	GlobalSection(ExtensibilityGlobals) = postSolution
		SolutionGuid = {B116311F-7791-4B67-8160-1BE86E42EE90}
	EndGlobalSection
EndGlobal
